
Microsoft Visual Studio Solution File, Format Version 12.00
# Visual Studio Version 16
VisualStudioVersion = 16.0.33927.289
MinimumVisualStudioVersion = 10.0.40219.1
Project("{2150E333-8FDC-42A3-9474-1A3956D46DE8}") = "Task0", "Task0", "{5C13FACB-029C-4604-AE53-0882AD67BDB1}"
EndProject
Project("{FAE04EC0-301F-11D3-BF4B-00C04F79EFBC}") = "Tyuiu.VdovichenkoAI.Sprint6.Task0.V26.Lib", "Tyuiu.VdovichenkoAI.Sprint6.Task0.V26.Lib\Tyuiu.VdovichenkoAI.Sprint6.Task0.V26.Lib.csproj", "{C40AC760-3674-485A-A887-E3383990791C}"
EndProject
Project("{FAE04EC0-301F-11D3-BF4B-00C04F79EFBC}") = "Tyuiu.VdovichenkoAI.Sprint6.Task0.V26.Test", "Tyuiu.VdovichenkoAI.Sprint6.Task0.V26.Test\Tyuiu.VdovichenkoAI.Sprint6.Task0.V26.Test.csproj", "{4C342377-675A-4ED7-8373-3611CCF7EB90}"
EndProject
Project("{FAE04EC0-301F-11D3-BF4B-00C04F79EFBC}") = "Tyuiu.VdovichenkoAI.Sprint6.Task0.V26", "Tyuiu.VdovichenkoAI.Sprint6.Task0.V26\Tyuiu.VdovichenkoAI.Sprint6.Task0.V26.csproj", "{C700861D-8080-4478-B048-F88864017C93}"
EndProject
Project("{2150E333-8FDC-42A3-9474-1A3956D46DE8}") = "Task1", "Task1", "{2DCBE567-55F5-41CC-AD9B-E0B6C0D24255}"
EndProject
Project("{FAE04EC0-301F-11D3-BF4B-00C04F79EFBC}") = "Tyuiu.VdovichenkoAI.Sprint6.Task1.V29.Lib", "Tyuiu.VdovichenkoAI.Sprint6.Task1.V29.Lib\Tyuiu.VdovichenkoAI.Sprint6.Task1.V29.Lib.csproj", "{441283A0-AC19-49B6-A0E0-35BD30F44316}"
EndProject
Project("{FAE04EC0-301F-11D3-BF4B-00C04F79EFBC}") = "Tyuiu.VdovichenkoAI.Sprint6.Task1.V29.Test", "Tyuiu.VdovichenkoAI.Sprint6.Task1.V29.Test\Tyuiu.VdovichenkoAI.Sprint6.Task1.V29.Test.csproj", "{095EA1FB-695C-4C33-A434-72F5DE889F16}"
EndProject
Project("{FAE04EC0-301F-11D3-BF4B-00C04F79EFBC}") = "Tyuiu.VdovichenkoAI.Sprint6.Task1.V29", "Tyuiu.VdovichenkoAI.Sprint6.Task1.V29\Tyuiu.VdovichenkoAI.Sprint6.Task1.V29.csproj", "{1F6F2697-2650-4BD5-8F3D-6103D897B0B3}"
EndProject
Project("{2150E333-8FDC-42A3-9474-1A3956D46DE8}") = "Task2", "Task2", "{EA15C7A0-0909-4E3B-93A6-5FC6F439B1A8}"
EndProject
Project("{FAE04EC0-301F-11D3-BF4B-00C04F79EFBC}") = "Tyuiu.VdovichenkoAI.Sprint6.Task2.V17.Lib", "Tyuiu.VdovichenkoAI.Sprint6.Task2.V17.Lib\Tyuiu.VdovichenkoAI.Sprint6.Task2.V17.Lib.csproj", "{498FC350-FA64-4EF9-8F4D-1ED8BAD6310E}"
EndProject
Project("{FAE04EC0-301F-11D3-BF4B-00C04F79EFBC}") = "Tyuiu.VdovichenkoAI.Sprint6.Task2.V17.Test", "Tyuiu.VdovichenkoAI.Sprint6.Task2.V17.Test\Tyuiu.VdovichenkoAI.Sprint6.Task2.V17.Test.csproj", "{4D6649A6-A72F-4349-9420-A7F6513AC0EB}"
EndProject
Project("{FAE04EC0-301F-11D3-BF4B-00C04F79EFBC}") = "Tyuiu.VdovichenkoAI.Sprint6.Task2.V17", "Tyuiu.VdovichenkoAI.Sprint6.Task2.V17\Tyuiu.VdovichenkoAI.Sprint6.Task2.V17.csproj", "{9C0FC814-53E7-4AA3-BE5F-E0CB548A934D}"
EndProject
Project("{2150E333-8FDC-42A3-9474-1A3956D46DE8}") = "Task3", "Task3", "{D41B8782-2B66-4DC6-9F15-FDF67271C828}"
EndProject
Project("{FAE04EC0-301F-11D3-BF4B-00C04F79EFBC}") = "Tyuiu.VdovichenkoAI.Sprint6.Task3.V1.Test", "Tyuiu.VdovichenkoAI.Sprint6.Task3.V1.Test\Tyuiu.VdovichenkoAI.Sprint6.Task3.V1.Test.csproj", "{986F306E-9089-48FF-96D0-3035823A458E}"
EndProject
Project("{FAE04EC0-301F-11D3-BF4B-00C04F79EFBC}") = "Tyuiu.VdovichenkoAI.Sprint6.Task3.V1.Lib", "Tyuiu.VdovichenkoAI.Sprint6.Task3.V1.Lib\Tyuiu.VdovichenkoAI.Sprint6.Task3.V1.Lib.csproj", "{D08AC0F7-9B75-4D75-886F-69C469202C56}"
EndProject
Project("{FAE04EC0-301F-11D3-BF4B-00C04F79EFBC}") = "Tyuiu.VdovichenkoAI.Sprint6.Task3.V1", "Tyuiu.VdovichenkoAI.Sprint6.Task3.V1\Tyuiu.VdovichenkoAI.Sprint6.Task3.V1.csproj", "{C21D3BB2-B0D0-4206-9CB2-802EB23453B3}"
EndProject
Project("{2150E333-8FDC-42A3-9474-1A3956D46DE8}") = "Task4", "Task4", "{D2FDF110-A309-40CF-AB36-118C2A881F2B}"
EndProject
Project("{FAE04EC0-301F-11D3-BF4B-00C04F79EFBC}") = "Tyuiu.VdovichenkoAI.Sprint6.Task4.V2.Lib", "Tyuiu.VdovichenkoAI.Sprint6.Task4.V2.Lib\Tyuiu.VdovichenkoAI.Sprint6.Task4.V2.Lib.csproj", "{7F0C7585-E687-4954-BC25-E89EAB5CF8F8}"
EndProject
Project("{FAE04EC0-301F-11D3-BF4B-00C04F79EFBC}") = "Tyuiu.VdovichenkoAI.Sprint6.Task4.V2.Test", "Tyuiu.VdovichenkoAI.Sprint6.Task4.V2.Test\Tyuiu.VdovichenkoAI.Sprint6.Task4.V2.Test.csproj", "{1DC1AB9F-78BB-42AF-9B10-C753CD8C4A34}"
EndProject
Project("{FAE04EC0-301F-11D3-BF4B-00C04F79EFBC}") = "Tyuiu.VdovichenkoAI.Sprint6.Task4.V2", "Tyuiu.VdovichenkoAI.Sprint6.Task4.V2\Tyuiu.VdovichenkoAI.Sprint6.Task4.V2.csproj", "{82387E89-B09D-4EED-82AE-B55A09E31A65}"
EndProject
Project("{2150E333-8FDC-42A3-9474-1A3956D46DE8}") = "Task5", "Task5", "{08E06EC3-5B63-4B86-8A1A-FE921C97880E}"
EndProject
Project("{FAE04EC0-301F-11D3-BF4B-00C04F79EFBC}") = "Tyuiu.VdovichenkoAI.Sprint6.Task5.V29.Lib", "Tyuiu.VdovichenkoAI.Sprint6.Task5.V29.Lib\Tyuiu.VdovichenkoAI.Sprint6.Task5.V29.Lib.csproj", "{94826CC3-3BC1-4919-9431-01719EC2D6C1}"
EndProject
Project("{FAE04EC0-301F-11D3-BF4B-00C04F79EFBC}") = "Tyuiu.VdovichenkoAI.Sprint6.Task5.V29.Test", "Tyuiu.VdovichenkoAI.Sprint6.Task5.V29.Test\Tyuiu.VdovichenkoAI.Sprint6.Task5.V29.Test.csproj", "{DD1FB0F7-DB70-4399-A10A-EE6AA9E4D549}"
EndProject
Project("{FAE04EC0-301F-11D3-BF4B-00C04F79EFBC}") = "Tyuiu.VdovichenkoAI.Sprint6.Task5.V29", "Tyuiu.VdovichenkoAI.Sprint6.Task5.V29\Tyuiu.VdovichenkoAI.Sprint6.Task5.V29.csproj", "{230F5A8B-3513-419F-AA46-7A2F0C8B9B2D}"
EndProject
Global
	GlobalSection(SolutionConfigurationPlatforms) = preSolution
		Debug|Any CPU = Debug|Any CPU
		Release|Any CPU = Release|Any CPU
	EndGlobalSection
	GlobalSection(ProjectConfigurationPlatforms) = postSolution
		{C40AC760-3674-485A-A887-E3383990791C}.Debug|Any CPU.ActiveCfg = Debug|Any CPU
		{C40AC760-3674-485A-A887-E3383990791C}.Debug|Any CPU.Build.0 = Debug|Any CPU
		{C40AC760-3674-485A-A887-E3383990791C}.Release|Any CPU.ActiveCfg = Release|Any CPU
		{C40AC760-3674-485A-A887-E3383990791C}.Release|Any CPU.Build.0 = Release|Any CPU
		{4C342377-675A-4ED7-8373-3611CCF7EB90}.Debug|Any CPU.ActiveCfg = Debug|Any CPU
		{4C342377-675A-4ED7-8373-3611CCF7EB90}.Debug|Any CPU.Build.0 = Debug|Any CPU
		{4C342377-675A-4ED7-8373-3611CCF7EB90}.Release|Any CPU.ActiveCfg = Release|Any CPU
		{4C342377-675A-4ED7-8373-3611CCF7EB90}.Release|Any CPU.Build.0 = Release|Any CPU
		{C700861D-8080-4478-B048-F88864017C93}.Debug|Any CPU.ActiveCfg = Debug|Any CPU
		{C700861D-8080-4478-B048-F88864017C93}.Debug|Any CPU.Build.0 = Debug|Any CPU
		{C700861D-8080-4478-B048-F88864017C93}.Release|Any CPU.ActiveCfg = Release|Any CPU
		{C700861D-8080-4478-B048-F88864017C93}.Release|Any CPU.Build.0 = Release|Any CPU
		{441283A0-AC19-49B6-A0E0-35BD30F44316}.Debug|Any CPU.ActiveCfg = Debug|Any CPU
		{441283A0-AC19-49B6-A0E0-35BD30F44316}.Debug|Any CPU.Build.0 = Debug|Any CPU
		{441283A0-AC19-49B6-A0E0-35BD30F44316}.Release|Any CPU.ActiveCfg = Release|Any CPU
		{441283A0-AC19-49B6-A0E0-35BD30F44316}.Release|Any CPU.Build.0 = Release|Any CPU
		{095EA1FB-695C-4C33-A434-72F5DE889F16}.Debug|Any CPU.ActiveCfg = Debug|Any CPU
		{095EA1FB-695C-4C33-A434-72F5DE889F16}.Debug|Any CPU.Build.0 = Debug|Any CPU
		{095EA1FB-695C-4C33-A434-72F5DE889F16}.Release|Any CPU.ActiveCfg = Release|Any CPU
		{095EA1FB-695C-4C33-A434-72F5DE889F16}.Release|Any CPU.Build.0 = Release|Any CPU
		{1F6F2697-2650-4BD5-8F3D-6103D897B0B3}.Debug|Any CPU.ActiveCfg = Debug|Any CPU
		{1F6F2697-2650-4BD5-8F3D-6103D897B0B3}.Debug|Any CPU.Build.0 = Debug|Any CPU
		{1F6F2697-2650-4BD5-8F3D-6103D897B0B3}.Release|Any CPU.ActiveCfg = Release|Any CPU
		{1F6F2697-2650-4BD5-8F3D-6103D897B0B3}.Release|Any CPU.Build.0 = Release|Any CPU
		{498FC350-FA64-4EF9-8F4D-1ED8BAD6310E}.Debug|Any CPU.ActiveCfg = Debug|Any CPU
		{498FC350-FA64-4EF9-8F4D-1ED8BAD6310E}.Debug|Any CPU.Build.0 = Debug|Any CPU
		{498FC350-FA64-4EF9-8F4D-1ED8BAD6310E}.Release|Any CPU.ActiveCfg = Release|Any CPU
		{498FC350-FA64-4EF9-8F4D-1ED8BAD6310E}.Release|Any CPU.Build.0 = Release|Any CPU
		{4D6649A6-A72F-4349-9420-A7F6513AC0EB}.Debug|Any CPU.ActiveCfg = Debug|Any CPU
		{4D6649A6-A72F-4349-9420-A7F6513AC0EB}.Debug|Any CPU.Build.0 = Debug|Any CPU
		{4D6649A6-A72F-4349-9420-A7F6513AC0EB}.Release|Any CPU.ActiveCfg = Release|Any CPU
		{4D6649A6-A72F-4349-9420-A7F6513AC0EB}.Release|Any CPU.Build.0 = Release|Any CPU
		{9C0FC814-53E7-4AA3-BE5F-E0CB548A934D}.Debug|Any CPU.ActiveCfg = Debug|Any CPU
		{9C0FC814-53E7-4AA3-BE5F-E0CB548A934D}.Debug|Any CPU.Build.0 = Debug|Any CPU
		{9C0FC814-53E7-4AA3-BE5F-E0CB548A934D}.Release|Any CPU.ActiveCfg = Release|Any CPU
		{9C0FC814-53E7-4AA3-BE5F-E0CB548A934D}.Release|Any CPU.Build.0 = Release|Any CPU
		{986F306E-9089-48FF-96D0-3035823A458E}.Debug|Any CPU.ActiveCfg = Debug|Any CPU
		{986F306E-9089-48FF-96D0-3035823A458E}.Debug|Any CPU.Build.0 = Debug|Any CPU
		{986F306E-9089-48FF-96D0-3035823A458E}.Release|Any CPU.ActiveCfg = Release|Any CPU
		{986F306E-9089-48FF-96D0-3035823A458E}.Release|Any CPU.Build.0 = Release|Any CPU
		{D08AC0F7-9B75-4D75-886F-69C469202C56}.Debug|Any CPU.ActiveCfg = Debug|Any CPU
		{D08AC0F7-9B75-4D75-886F-69C469202C56}.Debug|Any CPU.Build.0 = Debug|Any CPU
		{D08AC0F7-9B75-4D75-886F-69C469202C56}.Release|Any CPU.ActiveCfg = Release|Any CPU
		{D08AC0F7-9B75-4D75-886F-69C469202C56}.Release|Any CPU.Build.0 = Release|Any CPU
		{C21D3BB2-B0D0-4206-9CB2-802EB23453B3}.Debug|Any CPU.ActiveCfg = Debug|Any CPU
		{C21D3BB2-B0D0-4206-9CB2-802EB23453B3}.Debug|Any CPU.Build.0 = Debug|Any CPU
		{C21D3BB2-B0D0-4206-9CB2-802EB23453B3}.Release|Any CPU.ActiveCfg = Release|Any CPU
		{C21D3BB2-B0D0-4206-9CB2-802EB23453B3}.Release|Any CPU.Build.0 = Release|Any CPU
		{7F0C7585-E687-4954-BC25-E89EAB5CF8F8}.Debug|Any CPU.ActiveCfg = Debug|Any CPU
		{7F0C7585-E687-4954-BC25-E89EAB5CF8F8}.Debug|Any CPU.Build.0 = Debug|Any CPU
		{7F0C7585-E687-4954-BC25-E89EAB5CF8F8}.Release|Any CPU.ActiveCfg = Release|Any CPU
		{7F0C7585-E687-4954-BC25-E89EAB5CF8F8}.Release|Any CPU.Build.0 = Release|Any CPU
		{1DC1AB9F-78BB-42AF-9B10-C753CD8C4A34}.Debug|Any CPU.ActiveCfg = Debug|Any CPU
		{1DC1AB9F-78BB-42AF-9B10-C753CD8C4A34}.Debug|Any CPU.Build.0 = Debug|Any CPU
		{1DC1AB9F-78BB-42AF-9B10-C753CD8C4A34}.Release|Any CPU.ActiveCfg = Release|Any CPU
		{1DC1AB9F-78BB-42AF-9B10-C753CD8C4A34}.Release|Any CPU.Build.0 = Release|Any CPU
		{82387E89-B09D-4EED-82AE-B55A09E31A65}.Debug|Any CPU.ActiveCfg = Debug|Any CPU
		{82387E89-B09D-4EED-82AE-B55A09E31A65}.Debug|Any CPU.Build.0 = Debug|Any CPU
		{82387E89-B09D-4EED-82AE-B55A09E31A65}.Release|Any CPU.ActiveCfg = Release|Any CPU
		{82387E89-B09D-4EED-82AE-B55A09E31A65}.Release|Any CPU.Build.0 = Release|Any CPU
		{94826CC3-3BC1-4919-9431-01719EC2D6C1}.Debug|Any CPU.ActiveCfg = Debug|Any CPU
		{94826CC3-3BC1-4919-9431-01719EC2D6C1}.Debug|Any CPU.Build.0 = Debug|Any CPU
		{94826CC3-3BC1-4919-9431-01719EC2D6C1}.Release|Any CPU.ActiveCfg = Release|Any CPU
		{94826CC3-3BC1-4919-9431-01719EC2D6C1}.Release|Any CPU.Build.0 = Release|Any CPU
		{DD1FB0F7-DB70-4399-A10A-EE6AA9E4D549}.Debug|Any CPU.ActiveCfg = Debug|Any CPU
		{DD1FB0F7-DB70-4399-A10A-EE6AA9E4D549}.Debug|Any CPU.Build.0 = Debug|Any CPU
		{DD1FB0F7-DB70-4399-A10A-EE6AA9E4D549}.Release|Any CPU.ActiveCfg = Release|Any CPU
		{DD1FB0F7-DB70-4399-A10A-EE6AA9E4D549}.Release|Any CPU.Build.0 = Release|Any CPU
		{230F5A8B-3513-419F-AA46-7A2F0C8B9B2D}.Debug|Any CPU.ActiveCfg = Debug|Any CPU
		{230F5A8B-3513-419F-AA46-7A2F0C8B9B2D}.Debug|Any CPU.Build.0 = Debug|Any CPU
		{230F5A8B-3513-419F-AA46-7A2F0C8B9B2D}.Release|Any CPU.ActiveCfg = Release|Any CPU
		{230F5A8B-3513-419F-AA46-7A2F0C8B9B2D}.Release|Any CPU.Build.0 = Release|Any CPU
	EndGlobalSection
	GlobalSection(SolutionProperties) = preSolution
		HideSolutionNode = FALSE
	EndGlobalSection
	GlobalSection(NestedProjects) = preSolution
		{C40AC760-3674-485A-A887-E3383990791C} = {5C13FACB-029C-4604-AE53-0882AD67BDB1}
		{4C342377-675A-4ED7-8373-3611CCF7EB90} = {5C13FACB-029C-4604-AE53-0882AD67BDB1}
		{C700861D-8080-4478-B048-F88864017C93} = {5C13FACB-029C-4604-AE53-0882AD67BDB1}
		{441283A0-AC19-49B6-A0E0-35BD30F44316} = {2DCBE567-55F5-41CC-AD9B-E0B6C0D24255}
		{095EA1FB-695C-4C33-A434-72F5DE889F16} = {2DCBE567-55F5-41CC-AD9B-E0B6C0D24255}
		{1F6F2697-2650-4BD5-8F3D-6103D897B0B3} = {2DCBE567-55F5-41CC-AD9B-E0B6C0D24255}
		{498FC350-FA64-4EF9-8F4D-1ED8BAD6310E} = {EA15C7A0-0909-4E3B-93A6-5FC6F439B1A8}
		{4D6649A6-A72F-4349-9420-A7F6513AC0EB} = {EA15C7A0-0909-4E3B-93A6-5FC6F439B1A8}
		{9C0FC814-53E7-4AA3-BE5F-E0CB548A934D} = {EA15C7A0-0909-4E3B-93A6-5FC6F439B1A8}
		{986F306E-9089-48FF-96D0-3035823A458E} = {D41B8782-2B66-4DC6-9F15-FDF67271C828}
		{D08AC0F7-9B75-4D75-886F-69C469202C56} = {D41B8782-2B66-4DC6-9F15-FDF67271C828}
		{C21D3BB2-B0D0-4206-9CB2-802EB23453B3} = {D41B8782-2B66-4DC6-9F15-FDF67271C828}
		{7F0C7585-E687-4954-BC25-E89EAB5CF8F8} = {D2FDF110-A309-40CF-AB36-118C2A881F2B}
		{1DC1AB9F-78BB-42AF-9B10-C753CD8C4A34} = {D2FDF110-A309-40CF-AB36-118C2A881F2B}
		{82387E89-B09D-4EED-82AE-B55A09E31A65} = {D2FDF110-A309-40CF-AB36-118C2A881F2B}
		{94826CC3-3BC1-4919-9431-01719EC2D6C1} = {08E06EC3-5B63-4B86-8A1A-FE921C97880E}
		{DD1FB0F7-DB70-4399-A10A-EE6AA9E4D549} = {08E06EC3-5B63-4B86-8A1A-FE921C97880E}
		{230F5A8B-3513-419F-AA46-7A2F0C8B9B2D} = {08E06EC3-5B63-4B86-8A1A-FE921C97880E}
	EndGlobalSection
	GlobalSection(ExtensibilityGlobals) = postSolution
		SolutionGuid = {CDF074C6-F1B6-41F2-A66D-5EC377A69DFA}
	EndGlobalSection
EndGlobal
